
Microsoft Visual Studio Solution File, Format Version 10.00
# Visual Studio 2008
Project("{8BC9CEB8-8B4A-11D0-8D11-00A0C91BC942}") = "TSDServer", "TSDServer\TSDServer.vcproj", "{C4ADF897-6A8F-4DB0-A1CD-262B26F99FBA}"
EndProject
Project("{54435603-DBB4-11D2-8724-00A0C9A8B90C}") = "TSDUser", "TSDUser\TSDUser.vdproj", "{ED457542-B787-436E-8C5A-6E8AB6A8E5C2}"
EndProject
Global
	GlobalSection(SolutionConfigurationPlatforms) = preSolution
		Debug|Win32 = Debug|Win32
		Release|Win32 = Release|Win32
	EndGlobalSection
	GlobalSection(ProjectConfigurationPlatforms) = postSolution
		{C4ADF897-6A8F-4DB0-A1CD-262B26F99FBA}.Debug|Win32.ActiveCfg = Debug|Win32
		{C4ADF897-6A8F-4DB0-A1CD-262B26F99FBA}.Debug|Win32.Build.0 = Debug|Win32
		{C4ADF897-6A8F-4DB0-A1CD-262B26F99FBA}.Release|Win32.ActiveCfg = Release|Win32
		{C4ADF897-6A8F-4DB0-A1CD-262B26F99FBA}.Release|Win32.Build.0 = Release|Win32
		{ED457542-B787-436E-8C5A-6E8AB6A8E5C2}.Debug|Win32.ActiveCfg = Debug
		{ED457542-B787-436E-8C5A-6E8AB6A8E5C2}.Release|Win32.ActiveCfg = Release
	EndGlobalSection
	GlobalSection(SolutionProperties) = preSolution
		HideSolutionNode = FALSE
	EndGlobalSection
EndGlobal
